<?xml version="1.0" encoding="utf-8"?>
<Project ToolsVersion="4.0" xmlns="http://schemas.microsoft.com/developer/msbuild/2003">
  <ItemGroup>
    <ClCompile Include="Game.cpp" />
    <ClCompile Include="main.cpp" />
    <ClCompile Include="stdafx.cpp" />
    <ClCompile Include="Graphics\Particles\Billboard.cpp">
      <Filter>Graphics\Particles</Filter>
    </ClCompile>
    <ClCompile Include="Content\ContentManager.cpp">
      <Filter>Content</Filter>
    </ClCompile>
    <ClCompile Include="Content\ContentReader.cpp">
      <Filter>Content</Filter>
    </ClCompile>
    <ClCompile Include="DXUT\Core\DXUT.cpp">
      <Filter>DXUT</Filter>
    </ClCompile>
    <ClCompile Include="DXUT\Core\DXUTenum.cpp">
      <Filter>DXUT</Filter>
    </ClCompile>
    <ClCompile Include="DXUT\Core\DXUTmisc.cpp">
      <Filter>DXUT</Filter>
    </ClCompile>
    <ClCompile Include="Content\GameConnection.cpp">
      <Filter>Content</Filter>
    </ClCompile>
    <ClCompile Include="Content\PackReader.cpp">
      <Filter>Content</Filter>
    </ClCompile>
    <ClCompile Include="Graphics\ScreenQuad.cpp">
      <Filter>Graphics</Filter>
    </ClCompile>
    <ClCompile Include="Graphics\Camera.cpp">
      <Filter>Graphics</Filter>
    </ClCompile>
    <ClCompile Include="Scene\Renderer.cpp">
      <Filter>Scene</Filter>
    </ClCompile>
    <ClCompile Include="Net\Socket.cpp">
      <Filter>Net</Filter>
    </ClCompile>
    <ClCompile Include="Graphics\Model\Model.cpp">
      <Filter>Graphics\Model</Filter>
    </ClCompile>
    <ClCompile Include="Graphics\Model\Mesh.cpp">
      <Filter>Graphics\Model</Filter>
    </ClCompile>
    <ClCompile Include="Scene\Lights.cpp">
      <Filter>Scene</Filter>
    </ClCompile>
    <ClCompile Include="Thread\Thread.cpp">
      <Filter>Thread</Filter>
    </ClCompile>
    <ClCompile Include="Content\ContentQueue.cpp">
      <Filter>Content</Filter>
    </ClCompile>
    <ClCompile Include="Graphics\DepthTexture.cpp">
      <Filter>Graphics\Texture</Filter>
    </ClCompile>
    <ClCompile Include="Graphics\RenderTexture.cpp">
      <Filter>Graphics\Texture</Filter>
    </ClCompile>
    <ClCompile Include="Graphics\Texture.cpp">
      <Filter>Graphics\Texture</Filter>
    </ClCompile>
    <ClCompile Include="Graphics\Shader\ShaderParams.cpp">
      <Filter>Graphics\Shader</Filter>
    </ClCompile>
    <ClCompile Include="Graphics\InputLayout.cpp">
      <Filter>Graphics\Model</Filter>
    </ClCompile>
    <ClCompile Include="Graphics\Model\Material.cpp">
      <Filter>Graphics\Shader</Filter>
    </ClCompile>
    <ClCompile Include="Graphics\Shader.cpp">
      <Filter>Graphics\Shader</Filter>
    </ClCompile>
    <ClCompile Include="Scene\MeshQueue.cpp">
      <Filter>Scene</Filter>
    </ClCompile>
    <ClCompile Include="Graphics\SceneNode.cpp">
      <Filter>Scene</Filter>
    </ClCompile>
    <ClCompile Include="Scene\Transform.cpp">
      <Filter>Scene</Filter>
    </ClCompile>
    <ClCompile Include="Script\ScriptEngine.cpp">
      <Filter>Script</Filter>
    </ClCompile>
    <ClCompile Include="Script\scriptstdstring.cpp">
      <Filter>Script</Filter>
    </ClCompile>
    <ClCompile Include="Script\Script.cpp">
      <Filter>Script</Filter>
    </ClCompile>
  </ItemGroup>
  <ItemGroup>
    <ClInclude Include="Resource.h" />
    <ClInclude Include="Game.h" />
    <ClInclude Include="stdafx.h" />
    <ClInclude Include="Graphics\Particles\Billboard.h">
      <Filter>Graphics\Particles</Filter>
    </ClInclude>
    <ClInclude Include="Content\ContentItem.h">
      <Filter>Content</Filter>
    </ClInclude>
    <ClInclude Include="Content\ContentManager.h">
      <Filter>Content</Filter>
    </ClInclude>
    <ClInclude Include="Content\ContentReader.h">
      <Filter>Content</Filter>
    </ClInclude>
    <ClInclude Include="DXUT\Core\DXUTmisc.h">
      <Filter>DXUT</Filter>
    </ClInclude>
    <ClInclude Include="DXUT\Core\DXUT.h">
      <Filter>DXUT</Filter>
    </ClInclude>
    <ClInclude Include="DXUT\Core\DXUTenum.h">
      <Filter>DXUT</Filter>
    </ClInclude>
    <ClInclude Include="Content\GameConnection.h">
      <Filter>Content</Filter>
    </ClInclude>
    <ClInclude Include="Content\PackReader.h">
      <Filter>Content</Filter>
    </ClInclude>
    <ClInclude Include="Graphics\ScreenQuad.h">
      <Filter>Graphics</Filter>
    </ClInclude>
    <ClInclude Include="Graphics\Camera.h">
      <Filter>Graphics</Filter>
    </ClInclude>
    <ClInclude Include="Scene\Renderer.h">
      <Filter>Scene</Filter>
    </ClInclude>
    <ClInclude Include="Net\Socket.h">
      <Filter>Net</Filter>
    </ClInclude>
    <ClInclude Include="Thread\Thread.h">
      <Filter>Thread</Filter>
    </ClInclude>
    <ClInclude Include="Thread\Mutex.h">
      <Filter>Thread</Filter>
    </ClInclude>
    <ClInclude Include="Graphics\Model\Model.h">
      <Filter>Graphics\Model</Filter>
    </ClInclude>
    <ClInclude Include="Graphics\Model\Mesh.h">
      <Filter>Graphics\Model</Filter>
    </ClInclude>
    <ClInclude Include="Scene\Lights.h">
      <Filter>Scene</Filter>
    </ClInclude>
    <ClInclude Include="Thread\Queue.h">
      <Filter>Thread</Filter>
    </ClInclude>
    <ClInclude Include="Content\ContentQueue.h">
      <Filter>Content</Filter>
    </ClInclude>
    <ClInclude Include="Graphics\DepthTexture.h">
      <Filter>Graphics\Texture</Filter>
    </ClInclude>
    <ClInclude Include="Graphics\RenderTexture.h">
      <Filter>Graphics\Texture</Filter>
    </ClInclude>
    <ClInclude Include="Graphics\Texture.h">
      <Filter>Graphics\Texture</Filter>
    </ClInclude>
    <ClInclude Include="Graphics\Shader\ShaderParams.h">
      <Filter>Graphics\Shader</Filter>
    </ClInclude>
    <ClInclude Include="Graphics\InputLayout.h">
      <Filter>Graphics\Model</Filter>
    </ClInclude>
    <ClInclude Include="Graphics\Model\Material.h">
      <Filter>Graphics\Shader</Filter>
    </ClInclude>
    <ClInclude Include="Graphics\Shader.h">
      <Filter>Graphics\Shader</Filter>
    </ClInclude>
    <ClInclude Include="Scene\SceneNode.h">
      <Filter>Scene</Filter>
    </ClInclude>
    <ClInclude Include="Scene\MeshQueue.h">
      <Filter>Scene</Filter>
    </ClInclude>
    <ClInclude Include="Scene\Transform.h">
      <Filter>Scene</Filter>
    </ClInclude>
    <ClInclude Include="Script\ScriptEngine.h">
      <Filter>Script</Filter>
    </ClInclude>
    <ClInclude Include="Script\Script.h">
      <Filter>Script</Filter>
    </ClInclude>
    <ClInclude Include="Script\scriptstdstring.h">
      <Filter>Script</Filter>
    </ClInclude>
  </ItemGroup>
  <ItemGroup>
    <ResourceCompile Include="Sponza.rc" />
  </ItemGroup>
  <ItemGroup>
    <None Include="small.ico" />
    <None Include="Sponza.ico" />
  </ItemGroup>
  <ItemGroup>
    <Filter Include="Graphics">
      <UniqueIdentifier>{d65328c3-73d1-4277-8674-a3c6a2d6402f}</UniqueIdentifier>
    </Filter>
    <Filter Include="Graphics\Particles">
      <UniqueIdentifier>{854651b5-6529-412f-8604-970c337e2d20}</UniqueIdentifier>
    </Filter>
    <Filter Include="Content">
      <UniqueIdentifier>{d5824d4c-edc8-407d-88ec-e7e838fa2d74}</UniqueIdentifier>
    </Filter>
    <Filter Include="DXUT">
      <UniqueIdentifier>{2832dd86-8bfc-49f1-bc76-ef2da2e36ddc}</UniqueIdentifier>
    </Filter>
    <Filter Include="Scene">
      <UniqueIdentifier>{8f9b09ff-4bcf-4290-8729-c5017c7381d7}</UniqueIdentifier>
    </Filter>
    <Filter Include="Net">
      <UniqueIdentifier>{7f935708-7c5b-47cc-b990-23798f0b561e}</UniqueIdentifier>
    </Filter>
    <Filter Include="Thread">
      <UniqueIdentifier>{6a134dfb-b7cd-49af-842b-042477f65501}</UniqueIdentifier>
    </Filter>
    <Filter Include="Graphics\Model">
      <UniqueIdentifier>{2838b460-9378-408a-b622-a7dc5cf24bf4}</UniqueIdentifier>
    </Filter>
    <Filter Include="Graphics\Texture">
      <UniqueIdentifier>{708099ac-bde0-4af0-aabc-2bdfd9e98937}</UniqueIdentifier>
    </Filter>
    <Filter Include="Graphics\Shader">
      <UniqueIdentifier>{ba01668c-5ec8-44f0-8aa1-3eb43cb0a90f}</UniqueIdentifier>
    </Filter>
    <Filter Include="Script">
      <UniqueIdentifier>{72ac655b-010e-4513-966a-30878b156924}</UniqueIdentifier>
    </Filter>
  </ItemGroup>
</Project>