
Microsoft Visual Studio Solution File, Format Version 11.00
# Visual Studio 2010
Project("{FAE04EC0-301F-11D3-BF4B-00C04F79EFBC}") = "Builder", "Builder\Builder.csproj", "{DE8618E6-A089-4706-8C42-B8CD1595F39A}"
EndProject
Project("{2150E333-8FDC-42A3-9474-1A3956D46DE8}") = "Content Builders", "Content Builders", "{607F4200-E2E1-424B-A07A-2D2665A3BDC7}"
EndProject
Project("{8BC9CEB8-8B4A-11D0-8D11-00A0C91BC942}") = "ModelProcessor", "ModelProcessor\ModelProcessor.vcxproj", "{635D6D56-6B52-412C-A622-5D60466E6EC4}"
EndProject
Project("{8BC9CEB8-8B4A-11D0-8D11-00A0C91BC942}") = "ShaderProcessor", "ShaderProcessor\ShaderProcessor.vcxproj", "{50F57664-D324-442E-9FAD-10DB82C4A8E1}"
EndProject
Project("{8BC9CEB8-8B4A-11D0-8D11-00A0C91BC942}") = "TextureProcessor", "TextureProcessor\TextureProcessor.vcxproj", "{5FCAFE92-30AF-448E-B14A-444A7440B14D}"
EndProject
Global
	GlobalSection(SolutionConfigurationPlatforms) = preSolution
		Debug|Mixed Platforms = Debug|Mixed Platforms
		Debug|Win32 = Debug|Win32
		Debug|x86 = Debug|x86
		Release|Mixed Platforms = Release|Mixed Platforms
		Release|Win32 = Release|Win32
		Release|x86 = Release|x86
	EndGlobalSection
	GlobalSection(ProjectConfigurationPlatforms) = postSolution
		{DE8618E6-A089-4706-8C42-B8CD1595F39A}.Debug|Mixed Platforms.ActiveCfg = Debug|x86
		{DE8618E6-A089-4706-8C42-B8CD1595F39A}.Debug|Mixed Platforms.Build.0 = Debug|x86
		{DE8618E6-A089-4706-8C42-B8CD1595F39A}.Debug|Win32.ActiveCfg = Debug|x86
		{DE8618E6-A089-4706-8C42-B8CD1595F39A}.Debug|x86.ActiveCfg = Debug|x86
		{DE8618E6-A089-4706-8C42-B8CD1595F39A}.Debug|x86.Build.0 = Debug|x86
		{DE8618E6-A089-4706-8C42-B8CD1595F39A}.Release|Mixed Platforms.ActiveCfg = Release|x86
		{DE8618E6-A089-4706-8C42-B8CD1595F39A}.Release|Mixed Platforms.Build.0 = Release|x86
		{DE8618E6-A089-4706-8C42-B8CD1595F39A}.Release|Win32.ActiveCfg = Release|x86
		{DE8618E6-A089-4706-8C42-B8CD1595F39A}.Release|x86.ActiveCfg = Release|x86
		{DE8618E6-A089-4706-8C42-B8CD1595F39A}.Release|x86.Build.0 = Release|x86
		{635D6D56-6B52-412C-A622-5D60466E6EC4}.Debug|Mixed Platforms.ActiveCfg = Debug|Win32
		{635D6D56-6B52-412C-A622-5D60466E6EC4}.Debug|Win32.ActiveCfg = Debug|Win32
		{635D6D56-6B52-412C-A622-5D60466E6EC4}.Debug|Win32.Build.0 = Debug|Win32
		{635D6D56-6B52-412C-A622-5D60466E6EC4}.Debug|x86.ActiveCfg = Debug|Win32
		{635D6D56-6B52-412C-A622-5D60466E6EC4}.Release|Mixed Platforms.ActiveCfg = Release|Win32
		{635D6D56-6B52-412C-A622-5D60466E6EC4}.Release|Mixed Platforms.Build.0 = Release|Win32
		{635D6D56-6B52-412C-A622-5D60466E6EC4}.Release|Win32.ActiveCfg = Release|Win32
		{635D6D56-6B52-412C-A622-5D60466E6EC4}.Release|Win32.Build.0 = Release|Win32
		{635D6D56-6B52-412C-A622-5D60466E6EC4}.Release|x86.ActiveCfg = Release|Win32
		{50F57664-D324-442E-9FAD-10DB82C4A8E1}.Debug|Mixed Platforms.ActiveCfg = Debug|Win32
		{50F57664-D324-442E-9FAD-10DB82C4A8E1}.Debug|Win32.ActiveCfg = Debug|Win32
		{50F57664-D324-442E-9FAD-10DB82C4A8E1}.Debug|Win32.Build.0 = Debug|Win32
		{50F57664-D324-442E-9FAD-10DB82C4A8E1}.Debug|x86.ActiveCfg = Debug|Win32
		{50F57664-D324-442E-9FAD-10DB82C4A8E1}.Release|Mixed Platforms.ActiveCfg = Release|Win32
		{50F57664-D324-442E-9FAD-10DB82C4A8E1}.Release|Mixed Platforms.Build.0 = Release|Win32
		{50F57664-D324-442E-9FAD-10DB82C4A8E1}.Release|Win32.ActiveCfg = Release|Win32
		{50F57664-D324-442E-9FAD-10DB82C4A8E1}.Release|Win32.Build.0 = Release|Win32
		{50F57664-D324-442E-9FAD-10DB82C4A8E1}.Release|x86.ActiveCfg = Release|Win32
		{5FCAFE92-30AF-448E-B14A-444A7440B14D}.Debug|Mixed Platforms.ActiveCfg = Debug|Win32
		{5FCAFE92-30AF-448E-B14A-444A7440B14D}.Debug|Win32.ActiveCfg = Debug|Win32
		{5FCAFE92-30AF-448E-B14A-444A7440B14D}.Debug|Win32.Build.0 = Debug|Win32
		{5FCAFE92-30AF-448E-B14A-444A7440B14D}.Debug|x86.ActiveCfg = Debug|Win32
		{5FCAFE92-30AF-448E-B14A-444A7440B14D}.Release|Mixed Platforms.ActiveCfg = Release|Win32
		{5FCAFE92-30AF-448E-B14A-444A7440B14D}.Release|Mixed Platforms.Build.0 = Release|Win32
		{5FCAFE92-30AF-448E-B14A-444A7440B14D}.Release|Win32.ActiveCfg = Release|Win32
		{5FCAFE92-30AF-448E-B14A-444A7440B14D}.Release|Win32.Build.0 = Release|Win32
		{5FCAFE92-30AF-448E-B14A-444A7440B14D}.Release|x86.ActiveCfg = Release|Win32
	EndGlobalSection
	GlobalSection(SolutionProperties) = preSolution
		HideSolutionNode = FALSE
	EndGlobalSection
	GlobalSection(NestedProjects) = preSolution
		{635D6D56-6B52-412C-A622-5D60466E6EC4} = {607F4200-E2E1-424B-A07A-2D2665A3BDC7}
		{50F57664-D324-442E-9FAD-10DB82C4A8E1} = {607F4200-E2E1-424B-A07A-2D2665A3BDC7}
		{5FCAFE92-30AF-448E-B14A-444A7440B14D} = {607F4200-E2E1-424B-A07A-2D2665A3BDC7}
	EndGlobalSection
EndGlobal
